<?xml version="1.0" encoding="utf-8"?>
<Project ToolsVersion="17.0" xmlns="http://schemas.microsoft.com/developer/msbuild/2003">
  <ItemGroup>
    <ClCompile Include="C:\Users\Михаил\Desktop\GIT\mp-lab6\polinomtest\TestPolinom.cpp">
      <Filter>Source Files</Filter>
    </ClCompile>
    <ClCompile Include="C:\Users\Михаил\Desktop\GIT\mp-lab6\polinomtest\test_main.cpp">
      <Filter>Source Files</Filter>
    </ClCompile>
  </ItemGroup>
  <ItemGroup>
    <CustomBuild Include="C:\Users\Михаил\Desktop\GIT\mp-lab6\polinomtest\CMakeLists.txt" />
  </ItemGroup>
  <ItemGroup>
    <Filter Include="Source Files">
      <UniqueIdentifier>{0E05049B-6CCB-3077-9775-F13E988F850F}</UniqueIdentifier>
    </Filter>
  </ItemGroup>
</Project>
