
Microsoft Visual Studio Solution File, Format Version 12.00
# Visual Studio Version 17
Project("{8BC9CEB8-8B4A-11D0-8D11-00A0C91BC942}") = "ALL_BUILD", "ALL_BUILD.vcxproj", "{99A5399C-965F-31B6-8FD7-E629CDEAD81F}"
	ProjectSection(ProjectDependencies) = postProject
		{037D2156-2AE3-3FD8-A0E1-3091A15D0029} = {037D2156-2AE3-3FD8-A0E1-3091A15D0029}
		{510A8A1D-090D-377A-A9CC-DBB5BF84E466} = {510A8A1D-090D-377A-A9CC-DBB5BF84E466}
		{E5FB1F3B-1E0A-331A-AA87-D23BAD2572EF} = {E5FB1F3B-1E0A-331A-AA87-D23BAD2572EF}
		{B3703409-AF89-3040-987C-02B774039D25} = {B3703409-AF89-3040-987C-02B774039D25}
		{C69E194C-3A3D-3503-870E-0FF1ECF2D1D9} = {C69E194C-3A3D-3503-870E-0FF1ECF2D1D9}
		{100D104E-505F-3E57-A1FE-6A12210503D0} = {100D104E-505F-3E57-A1FE-6A12210503D0}
	EndProjectSection
EndProject
Project("{8BC9CEB8-8B4A-11D0-8D11-00A0C91BC942}") = "ZERO_CHECK", "ZERO_CHECK.vcxproj", "{037D2156-2AE3-3FD8-A0E1-3091A15D0029}"
	ProjectSection(ProjectDependencies) = postProject
	EndProjectSection
EndProject
Project("{8BC9CEB8-8B4A-11D0-8D11-00A0C91BC942}") = "gtest", "gtest\gtest.vcxproj", "{510A8A1D-090D-377A-A9CC-DBB5BF84E466}"
	ProjectSection(ProjectDependencies) = postProject
		{037D2156-2AE3-3FD8-A0E1-3091A15D0029} = {037D2156-2AE3-3FD8-A0E1-3091A15D0029}
	EndProjectSection
EndProject
Project("{8BC9CEB8-8B4A-11D0-8D11-00A0C91BC942}") = "listlib", "listlib\listlib.vcxproj", "{E5FB1F3B-1E0A-331A-AA87-D23BAD2572EF}"
	ProjectSection(ProjectDependencies) = postProject
		{037D2156-2AE3-3FD8-A0E1-3091A15D0029} = {037D2156-2AE3-3FD8-A0E1-3091A15D0029}
	EndProjectSection
EndProject
Project("{8BC9CEB8-8B4A-11D0-8D11-00A0C91BC942}") = "polinom", "polinom\polinom.vcxproj", "{B3703409-AF89-3040-987C-02B774039D25}"
	ProjectSection(ProjectDependencies) = postProject
		{037D2156-2AE3-3FD8-A0E1-3091A15D0029} = {037D2156-2AE3-3FD8-A0E1-3091A15D0029}
		{E5FB1F3B-1E0A-331A-AA87-D23BAD2572EF} = {E5FB1F3B-1E0A-331A-AA87-D23BAD2572EF}
		{C69E194C-3A3D-3503-870E-0FF1ECF2D1D9} = {C69E194C-3A3D-3503-870E-0FF1ECF2D1D9}
	EndProjectSection
EndProject
Project("{8BC9CEB8-8B4A-11D0-8D11-00A0C91BC942}") = "polinomlib", "polinomlib\polinomlib.vcxproj", "{C69E194C-3A3D-3503-870E-0FF1ECF2D1D9}"
	ProjectSection(ProjectDependencies) = postProject
		{037D2156-2AE3-3FD8-A0E1-3091A15D0029} = {037D2156-2AE3-3FD8-A0E1-3091A15D0029}
	EndProjectSection
EndProject
Project("{8BC9CEB8-8B4A-11D0-8D11-00A0C91BC942}") = "polinomtest", "polinomtest\polinomtest.vcxproj", "{100D104E-505F-3E57-A1FE-6A12210503D0}"
	ProjectSection(ProjectDependencies) = postProject
		{037D2156-2AE3-3FD8-A0E1-3091A15D0029} = {037D2156-2AE3-3FD8-A0E1-3091A15D0029}
		{510A8A1D-090D-377A-A9CC-DBB5BF84E466} = {510A8A1D-090D-377A-A9CC-DBB5BF84E466}
		{E5FB1F3B-1E0A-331A-AA87-D23BAD2572EF} = {E5FB1F3B-1E0A-331A-AA87-D23BAD2572EF}
		{C69E194C-3A3D-3503-870E-0FF1ECF2D1D9} = {C69E194C-3A3D-3503-870E-0FF1ECF2D1D9}
	EndProjectSection
EndProject
Global
	GlobalSection(SolutionConfigurationPlatforms) = preSolution
		Debug|x64 = Debug|x64
		Release|x64 = Release|x64
	EndGlobalSection
	GlobalSection(ProjectConfigurationPlatforms) = postSolution
		{99A5399C-965F-31B6-8FD7-E629CDEAD81F}.Debug|x64.ActiveCfg = Debug|x64
		{99A5399C-965F-31B6-8FD7-E629CDEAD81F}.Release|x64.ActiveCfg = Release|x64
		{037D2156-2AE3-3FD8-A0E1-3091A15D0029}.Debug|x64.ActiveCfg = Debug|x64
		{037D2156-2AE3-3FD8-A0E1-3091A15D0029}.Debug|x64.Build.0 = Debug|x64
		{037D2156-2AE3-3FD8-A0E1-3091A15D0029}.Release|x64.ActiveCfg = Release|x64
		{037D2156-2AE3-3FD8-A0E1-3091A15D0029}.Release|x64.Build.0 = Release|x64
		{510A8A1D-090D-377A-A9CC-DBB5BF84E466}.Debug|x64.ActiveCfg = Debug|x64
		{510A8A1D-090D-377A-A9CC-DBB5BF84E466}.Debug|x64.Build.0 = Debug|x64
		{510A8A1D-090D-377A-A9CC-DBB5BF84E466}.Release|x64.ActiveCfg = Release|x64
		{510A8A1D-090D-377A-A9CC-DBB5BF84E466}.Release|x64.Build.0 = Release|x64
		{E5FB1F3B-1E0A-331A-AA87-D23BAD2572EF}.Debug|x64.ActiveCfg = Debug|x64
		{E5FB1F3B-1E0A-331A-AA87-D23BAD2572EF}.Debug|x64.Build.0 = Debug|x64
		{E5FB1F3B-1E0A-331A-AA87-D23BAD2572EF}.Release|x64.ActiveCfg = Release|x64
		{E5FB1F3B-1E0A-331A-AA87-D23BAD2572EF}.Release|x64.Build.0 = Release|x64
		{B3703409-AF89-3040-987C-02B774039D25}.Debug|x64.ActiveCfg = Debug|x64
		{B3703409-AF89-3040-987C-02B774039D25}.Debug|x64.Build.0 = Debug|x64
		{B3703409-AF89-3040-987C-02B774039D25}.Release|x64.ActiveCfg = Release|x64
		{B3703409-AF89-3040-987C-02B774039D25}.Release|x64.Build.0 = Release|x64
		{C69E194C-3A3D-3503-870E-0FF1ECF2D1D9}.Debug|x64.ActiveCfg = Debug|x64
		{C69E194C-3A3D-3503-870E-0FF1ECF2D1D9}.Debug|x64.Build.0 = Debug|x64
		{C69E194C-3A3D-3503-870E-0FF1ECF2D1D9}.Release|x64.ActiveCfg = Release|x64
		{C69E194C-3A3D-3503-870E-0FF1ECF2D1D9}.Release|x64.Build.0 = Release|x64
		{100D104E-505F-3E57-A1FE-6A12210503D0}.Debug|x64.ActiveCfg = Debug|x64
		{100D104E-505F-3E57-A1FE-6A12210503D0}.Debug|x64.Build.0 = Debug|x64
		{100D104E-505F-3E57-A1FE-6A12210503D0}.Release|x64.ActiveCfg = Release|x64
		{100D104E-505F-3E57-A1FE-6A12210503D0}.Release|x64.Build.0 = Release|x64
	EndGlobalSection
	GlobalSection(ExtensibilityGlobals) = postSolution
		SolutionGuid = {5C91AFB1-247B-3915-9B14-62BCAD61F045}
	EndGlobalSection
	GlobalSection(ExtensibilityAddIns) = postSolution
	EndGlobalSection
EndGlobal
